# This file is automatically @generated by Poetry 2.3.2 and should not be changed by hand.

[[package]]
name = "morfessor"
version = "2.0.6"
description = "Morfessor"
optional = false
python-versions = "*"
groups = ["main"]
files = [
    {file = "Morfessor-2.0.6-py3-none-any.whl", hash = "sha256:7215e37909ebd2bafeeec5fdf4e339a25e61aee4895ff99317b9fb44eddab562"},
    {file = "Morfessor-2.0.6.tar.gz", hash = "sha256:bb3beac234341724c5f640f65803071f62373a50dba854d5a398567f9aefbab2"},
]

[package.extras]
docs = ["sphinx", "sphinxcontrib-napoleon"]

[[package]]
name = "numpy"
version = "2.5.2"
description = "Fundamental package for array computing in Python"
optional = false
python-versions = ">=3.12"
groups = ["main"]
files = [
    {file = "numpy-2.5.2-cp312-cp312-macosx_10_13_x86_64.whl", hash = "sha256:14e373cfc6387177e8409dac3c7159be8eb05cd77096cd7c950268b86f62831c"},
    {file = "numpy-2.5.2-cp312-cp312-macosx_11_0_arm64.whl", hash = "sha256:4bbd96c833ecc8cc069ce518078fc8c60cb9cbfb0fea5b7a803ad65035596d03"},
    {file = "numpy-2.5.2-cp312-cp312-macosx_14_0_arm64.whl", hash = "sha256:6e8172ddfcf5cf74b811d372b570b83c60bd2de87a6fbfbebdadb4a9bd9c6cbb"},
    {file = "numpy-2.5.2-cp312-cp312-macosx_14_0_x86_64.whl", hash = "sha256:65f188481f1669e26f62b701e8205d19e460fa4a9b52a1414ba382330e4a3414"},
    {file = "numpy-2.5.2-cp312-cp312-manylinux_2_27_aarch64.manylinux_2_28_aarch64.whl", hash = "sha256:8ee9c4eeb8454b3660a8b53493563c3e121c2fc94fbd72b848ef814ed7b676a9"},
    {file = "numpy-2.5.2-cp312-cp312-manylinux_2_27_x86_64.manylinux_2_28_x86_64.whl", hash = "sha256:3cdec01fa790a186d430433fdd4d4ffb70eed6f0eeb4bf05c8dbe2dce0a9bcb8"},
    {file = "numpy-2.5.2-cp312-cp312-musllinux_1_2_aarch64.whl", hash = "sha256:7999d4ddb0c4025018373fd787510d46e04c769467af22869707b3c1cfd459ab"},
    {file = "numpy-2.5.2-cp312-cp312-musllinux_1_2_x86_64.whl", hash = "sha256:c1f017dc0875c9209d219f97feceb7d54c2661bb243deb4114478e1295808af7"},
    {file = "numpy-2.5.2-cp312-cp312-win32.whl", hash = "sha256:d6a48072864e3324e194a8fbb3c657bcc5b5c869dbc64c9537b1d5c862572c0a"},
    {file = "numpy-2.5.2-cp312-cp312-win_amd64.whl", hash = "sha256:28ac63476ec7651484215ee7fa15a1f78b57c14621f01e392afe17b9a1390ce4"},
    {file = "numpy-2.5.2-cp312-cp312-win_arm64.whl", hash = "sha256:27650bb0e7140fa3d37b9923b4803645e0b125d190f326eecfd3f4dad8e8ade1"},
    {file = "numpy-2.5.2-cp313-cp313-macosx_10_13_x86_64.whl", hash = "sha256:8e4cb9a754c8a0c62eaa88273a5fba3391f4a610d1dee893c0755da31c083f15"},
    {file = "numpy-2.5.2-cp313-cp313-macosx_11_0_arm64.whl", hash = "sha256:52c808f96484f5571a5cc863775ce50247c17dfb3b0361f8ed6b4b0456f80080"},
    {file = "numpy-2.5.2-cp313-cp313-macosx_14_0_arm64.whl", hash = "sha256:29d81e97f668489cba8ebfd796b9bdd453525d35dd9e162e2daec94bf3fc7740"},
    {file = "numpy-2.5.2-cp313-cp313-macosx_14_0_x86_64.whl", hash = "sha256:afb3f0632d6b2e3ba04dbce8d1e48d321b369138b73830b5ca371a0e8d479d56"},
    {file = "numpy-2.5.2-cp313-cp313-manylinux_2_27_aarch64.manylinux_2_28_aarch64.whl", hash = "sha256:0aadf13b60048d501e05fa699efaf7734e2494f3498a4c2a5521d822640324f3"},
    {file = "numpy-2.5.2-cp313-cp313-manylinux_2_27_x86_64.manylinux_2_28_x86_64.whl", hash = "sha256:29b86ff8a6cc556b47ec6b64b194815cc80e6bf5eedcc6cddfd65318cb0b4eee"},
    {file = "numpy-2.5.2-cp313-cp313-musllinux_1_2_aarch64.whl", hash = "sha256:6950c4b7dd562453090548ba7f5da7e59f57f85663f15d5dcc60e249192f7e59"},
    {file = "numpy-2.5.2-cp313-cp313-musllinux_1_2_x86_64.whl", hash = "sha256:b9727f472d2f3888053b8a75ab0cb94745a9de224bb5846dbadc0092101bc71d"},
    {file = "numpy-2.5.2-cp313-cp313-win32.whl", hash = "sha256:4f9744f9fbdcea0bc552e8f19e1f141f811a3f9bc2be2cc6e86d982cab23e3f4"},
    {file = "numpy-2.5.2-cp313-cp313-win_amd64.whl", hash = "sha256:85aaccb24182c25df891ad0ec333585967e115269d5f1b17f2c9ae005bc96657"},
    {file = "numpy-2.5.2-cp313-cp313-win_arm64.whl", hash = "sha256:bd68ece1553d2023c09a4226d9e41c586ad2d20594d1a456186c33513d2cb3f2"},
    {file = "numpy-2.5.2-cp314-cp314-macosx_10_15_x86_64.whl", hash = "sha256:d787cf769c3baeb5f6235e778edb52c08dfa923789b5958f28e6450f96107cb1"},
    {file = "numpy-2.5.2-cp314-cp314-macosx_11_0_arm64.whl", hash = "sha256:24b9dc2e3d84aa58523798805194e23e736f3f6ce2d1a5b92583ae734e6dbda8"},
    {file = "numpy-2.5.2-cp314-cp314-macosx_14_0_arm64.whl", hash = "sha256:9e9413326d726c2545bfa65d2c0876871e8d8386e77f992c1d426e180bbd4323"},
    {file = "numpy-2.5.2-cp314-cp314-macosx_14_0_x86_64.whl", hash = "sha256:60e902ac295855348a5ca2ea4c89108989a9f5fddfad3dfc0a8f36b10358567e"},
    {file = "numpy-2.5.2-cp314-cp314-manylinux_2_27_aarch64.manylinux_2_28_aarch64.whl", hash = "sha256:50e500dc868e9313530ce12ba470fe50ff3afe3d62993ed6eff652dacd555b65"},
    {file = "numpy-2.5.2-cp314-cp314-manylinux_2_27_x86_64.manylinux_2_28_x86_64.whl", hash = "sha256:318b9a4c845dbea06708a29c84ee429cc3065048db34cdb799047643492050ee"},
    {file = "numpy-2.5.2-cp314-cp314-musllinux_1_2_aarch64.whl", hash = "sha256:34c319e2963be042673fb46570501b2f06c41924e17e3563d58646b4380dfb68"},
    {file = "numpy-2.5.2-cp314-cp314-musllinux_1_2_x86_64.whl", hash = "sha256:f06571a052127dc1b4e8b83029b4d1b20daa2b64a31cdd181fc6bc774e9000eb"},
    {file = "numpy-2.5.2-cp314-cp314-win32.whl", hash = "sha256:2cc779226e476d1e1f08c74068c419e60f41a9e0e069c92f6671d31d5c985e98"},
    {file = "numpy-2.5.2-cp314-cp314-win_amd64.whl", hash = "sha256:7587f53dfbd5edc0f7b87c6217b4c6d2d1f2ef9c3da70bc1315e7db5f8d7ec9d"},
    {file = "numpy-2.5.2-cp314-cp314-win_arm64.whl", hash = "sha256:3e4c367352d3747784248a227fbec218e193b56f7e6692e3b64fc805478ecfdf"},
    {file = "numpy-2.5.2-cp314-cp314t-macosx_11_0_arm64.whl", hash = "sha256:b879fb674276e331513fb136b78dbc6bd3c848309e0d841cfd63be3896c4cfc1"},
    {file = "numpy-2.5.2-cp314-cp314t-macosx_14_0_arm64.whl", hash = "sha256:fd0d703772bba096843785bd38371e31bb4a0c1151497ad5739d182114a73f7f"},
    {file = "numpy-2.5.2-cp314-cp314t-macosx_14_0_x86_64.whl", hash = "sha256:3a2f061cebd9e3d23bdcfaaded5e2293a4c6a5b60fa42df85d410a725ce621bf"},
    {file = "numpy-2.5.2-cp314-cp314t-manylinux_2_27_aarch64.manylinux_2_28_aarch64.whl", hash = "sha256:6df895598c0edcb41030126c89e0f353b07d93238116143b7405e937359736c4"},
    {file = "numpy-2.5.2-cp314-cp314t-manylinux_2_27_x86_64.manylinux_2_28_x86_64.whl", hash = "sha256:1ab3d4a901f844ea836c3e80bf463c6a27d7f3c14e8e292fcf28d348b25b9bce"},
    {file = "numpy-2.5.2-cp314-cp314t-musllinux_1_2_aarch64.whl", hash = "sha256:cebc2d6dbb605a7703d59751dea4bd6b0ab127a5a4338a6f432df1936fef8b26"},
    {file = "numpy-2.5.2-cp314-cp314t-musllinux_1_2_x86_64.whl", hash = "sha256:eaca7ff36f0f52e2111ec71f169d8fd3e889e7ddc0d2592e0d703fd8d3ce8fac"},
    {file = "numpy-2.5.2-cp314-cp314t-win32.whl", hash = "sha256:ddf47472af2e4280d79bac82304f5e80150211f1b9e614b760061d5fdfbb6eba"},
    {file = "numpy-2.5.2-cp314-cp314t-win_amd64.whl", hash = "sha256:44ef9675d908e65f9953063837c3277730f3f4437615a4cdab67b366cabaf884"},
    {file = "numpy-2.5.2-cp314-cp314t-win_arm64.whl", hash = "sha256:eaa088384c46f519dacb93b7ec483a6d6b19a4a2085ae4f25ab9b1c43d387d1e"},
    {file = "numpy-2.5.2-cp315-cp315-macosx_10_15_x86_64.whl", hash = "sha256:078f9b027b478c9379b9677babbf0f8b8f1ecfada27636d7b9a93990c638739f"},
    {file = "numpy-2.5.2-cp315-cp315-macosx_11_0_arm64.whl", hash = "sha256:50a68f4bacd8a2b33d8da3d2269d0d78500f86ea582e4786dc10f5ef2c2c6842"},
    {file = "numpy-2.5.2-cp315-cp315-macosx_14_0_arm64.whl", hash = "sha256:e79aba74ffaf5f78a050d777c184cddf8fdffabab38acf5f3ef1fecbc17895d6"},
    {file = "numpy-2.5.2-cp315-cp315-macosx_14_0_x86_64.whl", hash = "sha256:9a0731745a72a184490a582fb4af2533512bd071ace67785b5fdffc0ae58dce8"},
    {file = "numpy-2.5.2-cp315-cp315-manylinux_2_27_aarch64.manylinux_2_28_aarch64.whl", hash = "sha256:4ec954036759bcee3aa484f8603bd9c14f3e776293b85578b8734c2d72777c69"},
    {file = "numpy-2.5.2-cp315-cp315-manylinux_2_27_x86_64.manylinux_2_28_x86_64.whl", hash = "sha256:dc649493697006bc90614a5f0bbc8cb3cb1866715c474e473694968d7e6b99ab"},
    {file = "numpy-2.5.2-cp315-cp315-musllinux_1_2_aarch64.whl", hash = "sha256:cf7de32f486e4ac9e2d93b810f9e9ac72a728dd46a32a0bb403222f27f653514"},
    {file = "numpy-2.5.2-cp315-cp315-musllinux_1_2_x86_64.whl", hash = "sha256:2ffa7bacab3e2ee1b19ed31766bb60bb380b68c23f051e199c5cc598afd68710"},
    {file = "numpy-2.5.2-cp315-cp315-win32.whl", hash = "sha256:6b588cc8f902d6bff201c19fd00c43ab8545671e3554d014e12e14139e5e8617"},
    {file = "numpy-2.5.2-cp315-cp315-win_amd64.whl", hash = "sha256:07d4e89f3a9ab0a9ba24264ccdb642b3dd951b2281e8883a5481a4aa79cc31a7"},
    {file = "numpy-2.5.2-cp315-cp315-win_arm64.whl", hash = "sha256:a610dc7e3c52edd39c2bc2375ff9c3fd59cb3ad00e4472d36f83bc1457145788"},
    {file = "numpy-2.5.2-cp315-cp315t-macosx_10_15_x86_64.whl", hash = "sha256:40f4d451aed46a8046a1aae41c4e55fb3612273df9c502480135e1501576a34b"},
    {file = "numpy-2.5.2-cp315-cp315t-macosx_11_0_arm64.whl", hash = "sha256:c081cbe16ba1ab53078e5ff29013621e33c509eedab055775d956427712c236e"},
    {file = "numpy-2.5.2-cp315-cp315t-macosx_14_0_arm64.whl", hash = "sha256:0090ccdd57ec2703e9b49d0bf554767370581c1dd0a6b2bb2b2d9def317d042a"},
    {file = "numpy-2.5.2-cp315-cp315t-macosx_14_0_x86_64.whl", hash = "sha256:6a9bb119fb8dd21ba30b3f0e555b7e2b081bd9883af21ec9c1c633d161cda3a8"},
    {file = "numpy-2.5.2-cp315-cp315t-manylinux_2_27_aarch64.manylinux_2_28_aarch64.whl", hash = "sha256:a839318485284a6fb31be4f8f2c91c8f2cb22f4543c4a8903f12b0671ffe07cc"},
    {file = "numpy-2.5.2-cp315-cp315t-manylinux_2_27_x86_64.manylinux_2_28_x86_64.whl", hash = "sha256:ba0a474801b8dc67b66bf465548abc90e82b44d2611b5770f33008dcabffe8ec"},
    {file = "numpy-2.5.2-cp315-cp315t-musllinux_1_2_aarch64.whl", hash = "sha256:0a4035ae1129ff8777f08bfbd44f1e5d8e9c049ce0c2dd78fc0d92c13e7251c0"},
    {file = "numpy-2.5.2-cp315-cp315t-musllinux_1_2_x86_64.whl", hash = "sha256:77843ca236b777e67f8d6b3660ea116e499612703a0ecd7093f316201eb9d8e2"},
    {file = "numpy-2.5.2-cp315-cp315t-win32.whl", hash = "sha256:7354826bc6f8f69402e9b7fe28d15fcd34feebd74f856f111585c5b0c9fb0251"},
    {file = "numpy-2.5.2-cp315-cp315t-win_amd64.whl", hash = "sha256:e5651f3f87add730ee6608d915009e19c911fba0cb000c7e3ea994b7d768eb12"},
    {file = "numpy-2.5.2-cp315-cp315t-win_arm64.whl", hash = "sha256:5f8e00be2ec6f45f4e8a41a527f68d44a7d96fee92a650e4d8b1326f77f61e6e"},
    {file = "numpy-2.5.2.tar.gz", hash = "sha256:d482d171c406ae88c5b19cad3b6a1c4c5209f886ab74bc44c2c865c23f52d860"},
]

[[package]]
name = "packaging"
version = "26.3"
description = "Core utilities for Python packages"
optional = false
python-versions = ">=3.9"
groups = ["main"]
files = [
    {file = "packaging-26.3-py3-none-any.whl", hash = "sha256:d7193f7c8e4e93f444fde0262bf90af30e16fa0ad0ad44cb553c87339b23cd1c"},
    {file = "packaging-26.3.tar.gz", hash = "sha256:94edc256424af38762eb31306eed28beb9f0efc50a8837492c9d6fd6004aed79"},
]

[[package]]
name = "pycld2"
version = "0.42"
description = "Python bindings around Google Chromium's embedded compact language detection library (CLD2)"
optional = false
python-versions = "*"
groups = ["main"]
files = [
    {file = "pycld2-0.42-cp310-cp310-macosx_11_0_arm64.whl", hash = "sha256:0770612afeeab2e5ca72889553e8e7850b865f9b3ca7b2a783e2a43fb1792a26"},
    {file = "pycld2-0.42-cp310-cp310-manylinux_2_17_x86_64.manylinux2014_x86_64.whl", hash = "sha256:ce384bb927415a60ef69ff07781491e5305b80d4ae995a1948d396b3b22f564c"},
    {file = "pycld2-0.42-cp310-cp310-manylinux_2_5_i686.manylinux1_i686.manylinux_2_17_i686.manylinux2014_i686.whl", hash = "sha256:f6e3460474f1de15932facc444dc2ba9d391fb97b11c0b48eeab15e58488b152"},
    {file = "pycld2-0.42-cp310-cp310-musllinux_1_2_i686.whl", hash = "sha256:7073d0fe8803045286e96de2c48553f1de32c85ca765108eb379ab871bd4d6e2"},
    {file = "pycld2-0.42-cp310-cp310-musllinux_1_2_x86_64.whl", hash = "sha256:13f3dc267e02710dc8bf4a87a547e24768982a8f415921b54936a2925d45a31d"},
    {file = "pycld2-0.42-cp310-cp310-win32.whl", hash = "sha256:67b71c0448a0ce48ac60b5c2c1646afbada573f46f027a61bb399e56c1ad18d9"},
    {file = "pycld2-0.42-cp310-cp310-win_amd64.whl", hash = "sha256:8880f0495845e2646546f369cc2a6897f8c2d0974d4a9639d500fa10f7f28020"},
    {file = "pycld2-0.42-cp311-cp311-macosx_11_0_arm64.whl", hash = "sha256:a58b864bca55bc5c751ba5f2520aa1812d0f137b955cb8c057d72e1bff18eaa4"},
    {file = "pycld2-0.42-cp311-cp311-manylinux_2_17_x86_64.manylinux2014_x86_64.whl", hash = "sha256:7092c00df1aa822b5acf2258330ecbe7cdc2ce3e8a4474ee8f23483462ebe83c"},
    {file = "pycld2-0.42-cp311-cp311-manylinux_2_5_i686.manylinux1_i686.manylinux_2_17_i686.manylinux2014_i686.whl", hash = "sha256:1f0964ae7a022698bf7a282f77fda9523ff354c0deaed9e586fbda3bf88d218d"},
    {file = "pycld2-0.42-cp311-cp311-musllinux_1_2_i686.whl", hash = "sha256:4afd47e2bc0f4a17962dcf1422dd9b8549637bb3f6d133fb6fea2b127e64e451"},
    {file = "pycld2-0.42-cp311-cp311-musllinux_1_2_x86_64.whl", hash = "sha256:1e3b63ad5fafaa79f64cdf7078e9022b5184a98995a1b9c4533d27f41b3ecdb6"},
    {file = "pycld2-0.42-cp311-cp311-win32.whl", hash = "sha256:bb8fa132026b08fc4a24b2b964ec318842b966c54d6ad8da84b30fccd5d694ec"},
    {file = "pycld2-0.42-cp311-cp311-win_amd64.whl", hash = "sha256:dac35607cd16281a64a51b916d219063dd31361ab1e8cb4203b922d535442b22"},
    {file = "pycld2-0.42-cp312-cp312-macosx_11_0_arm64.whl", hash = "sha256:e09f7fd7d3543f08b8f5b1e22af7272bf19415ac9f1647ed805e16257a06ce77"},
    {file = "pycld2-0.42-cp312-cp312-manylinux_2_17_x86_64.manylinux2014_x86_64.whl", hash = "sha256:1dc9bb56e2c44b3c55857442b3975cca0398c0c31b6ad9138c6f6ab7a2a36f49"},
    {file = "pycld2-0.42-cp312-cp312-manylinux_2_5_i686.manylinux1_i686.manylinux_2_17_i686.manylinux2014_i686.whl", hash = "sha256:f4acb5e8873dd7c5985a7dd16c95a0096bb82adfac9303f92580f4b0cf5053f9"},
    {file = "pycld2-0.42-cp312-cp312-musllinux_1_2_i686.whl", hash = "sha256:6f397d70aa46ad13d89db6912fbf3324afe0dc1685cd51db152f2613d7f76b9d"},
    {file = "pycld2-0.42-cp312-cp312-musllinux_1_2_x86_64.whl", hash = "sha256:1e607ba47efd5d81a8ad3a2e5d31dfef35be73c0adfca1cc7f4f2fb795f3209d"},
    {file = "pycld2-0.42-cp312-cp312-win32.whl", hash = "sha256:81592540410a185c1b01cc10bc200bbe686fa3d868f6f61aa76a93daa3c54d8f"},
    {file = "pycld2-0.42-cp312-cp312-win_amd64.whl", hash = "sha256:ea73aa77c5f1aa122bb9cfbc568699ca8a2182e0f49bc68c527ca78c62407841"},
    {file = "pycld2-0.42-cp313-cp313-macosx_11_0_arm64.whl", hash = "sha256:94b84050081c85f0038369ee4db1bdddc5c8178773809aa55fb4e78b94a3a1c5"},
    {file = "pycld2-0.42-cp313-cp313-manylinux_2_17_x86_64.manylinux2014_x86_64.whl", hash = "sha256:f939bfa74347ff931d2bfa7e19b06e1b21ecfcc93769e0ed2db2f36fc4252735"},
    {file = "pycld2-0.42-cp313-cp313-manylinux_2_5_i686.manylinux1_i686.manylinux_2_17_i686.manylinux2014_i686.whl", hash = "sha256:5a3676d4c9e258a74fdb6c94e7577c02a99974e41c8641e045a980ade64b818a"},
    {file = "pycld2-0.42-cp313-cp313-musllinux_1_2_i686.whl", hash = "sha256:f8d6dedca968b3b64a0bb1e693f67cfed7fe7bd207ab13d4c5b9fd1a27ce9600"},
    {file = "pycld2-0.42-cp313-cp313-musllinux_1_2_x86_64.whl", hash = "sha256:593465e6f79ddb3a4be0c43dda8f0400015124a0f3bfe5cd3741d8d2c371412d"},
    {file = "pycld2-0.42-cp313-cp313-win32.whl", hash = "sha256:9820d363886177de1cc0886db9cd40629d61261d2896f755d682c71539b5ed5e"},
    {file = "pycld2-0.42-cp313-cp313-win_amd64.whl", hash = "sha256:3570a6c2d9487fad4c7ac9d36e1537caca9456fccfd23ec1b87d0c7e6a544e5c"},
    {file = "pycld2-0.42-cp36-cp36m-manylinux_2_17_x86_64.manylinux2014_x86_64.whl", hash = "sha256:4c4a0e6fa28e716b7d68d55254f8831e41115aff940234d7cc5209b93b6bc5ea"},
    {file = "pycld2-0.42-cp36-cp36m-manylinux_2_5_i686.manylinux1_i686.manylinux_2_17_i686.manylinux2014_i686.whl", hash = "sha256:4a3cdab457173a12c622b25d8235b3b1aac63f964fdc9e44e8bd2287a5bfb566"},
    {file = "pycld2-0.42-cp36-cp36m-musllinux_1_2_i686.whl", hash = "sha256:903f3aa91d36e47560e1deac95a87cd3be11c47980f009bb2276a3657971f6df"},
    {file = "pycld2-0.42-cp36-cp36m-musllinux_1_2_x86_64.whl", hash = "sha256:09c4088bb6b49092f807d06fa2567bcd6826c896745554cd6316c53cab5d01dc"},
    {file = "pycld2-0.42-cp36-cp36m-win32.whl", hash = "sha256:bcb222909c21680128d8bb3bc79725f8482ec4924314f802ebff5880a3391664"},
    {file = "pycld2-0.42-cp36-cp36m-win_amd64.whl", hash = "sha256:f5b5b8d46229f785b5e36126a6d6c2820a6669d62f1c7675e52e4cf8ced2522b"},
    {file = "pycld2-0.42-cp37-cp37m-manylinux_2_17_x86_64.manylinux2014_x86_64.whl", hash = "sha256:4de7c7e87ee034e9d56c3889a587ed296f0ec34317d778da9238c783cb9e5bce"},
    {file = "pycld2-0.42-cp37-cp37m-manylinux_2_5_i686.manylinux1_i686.manylinux_2_17_i686.manylinux2014_i686.whl", hash = "sha256:2bda1b84632097fa9f1f557ae16011b4a8622cafc4cbefb9da631ca655fe1efe"},
    {file = "pycld2-0.42-cp37-cp37m-musllinux_1_2_i686.whl", hash = "sha256:a6770668c76df5acade9804d199678d54ae91eb746f1b4fe67b77a91a45e3b42"},
    {file = "pycld2-0.42-cp37-cp37m-musllinux_1_2_x86_64.whl", hash = "sha256:b0257c25cf70de54400bba26ab8660df70a88ffd3aaa1ec2ab9c4e72fda32b7a"},
    {file = "pycld2-0.42-cp37-cp37m-win32.whl", hash = "sha256:7ca4c99d8f56f89baced57c9d9ee98d26887e68531a91e88993eb772afa1eabe"},
    {file = "pycld2-0.42-cp37-cp37m-win_amd64.whl", hash = "sha256:3ef01be6ab96bf4be53f3a1e71958ad16d968ffd67b4d24c85c3c1c879eaec69"},
    {file = "pycld2-0.42-cp38-cp38-macosx_11_0_arm64.whl", hash = "sha256:e6a3aabdd55f2c9a5607f07c13c8bd5b961639c5cf9add52707fe292fb3aea32"},
    {file = "pycld2-0.42-cp38-cp38-manylinux_2_17_x86_64.manylinux2014_x86_64.whl", hash = "sha256:3fdd0f17b8715be8561a0581c717b4e75de39c70f1c8514a140c92954b29b55a"},
    {file = "pycld2-0.42-cp38-cp38-manylinux_2_5_i686.manylinux1_i686.manylinux_2_17_i686.manylinux2014_i686.whl", hash = "sha256:1010f0c989d954893497a81f89f9332e83172f78e412ed6de76777d9a39a2316"},
    {file = "pycld2-0.42-cp38-cp38-musllinux_1_2_i686.whl", hash = "sha256:00f7dccb76a49d98409b9d6ca6a85b63fee78c809271f8b448637b43233909ab"},
    {file = "pycld2-0.42-cp38-cp38-musllinux_1_2_x86_64.whl", hash = "sha256:09f48f4f24a6ee14802a4d5e85b145ffe626ddc39e6843eee06dc90aa11fb7f0"},
    {file = "pycld2-0.42-cp38-cp38-win32.whl", hash = "sha256:12ba5201652e0ed97c90fe6d07c05ebb94835ca141ce41c3e80b2b803bb84ee8"},
    {file = "pycld2-0.42-cp38-cp38-win_amd64.whl", hash = "sha256:c5e62d18e285b4997548972d08470ba9cf776458d3057acbeb8f3e3338ca6463"},
    {file = "pycld2-0.42-cp39-cp39-macosx_11_0_arm64.whl", hash = "sha256:ade7b18ce928cfc88367ea829160166a41e4f67557df7a5ace3b2ab5dbbd04e6"},
    {file = "pycld2-0.42-cp39-cp39-manylinux_2_17_x86_64.manylinux2014_x86_64.whl", hash = "sha256:b59e7fe448d3af3374b359fb1bfc9ba45e494517abdaee1d8f895d38cc1b3e88"},
    {file = "pycld2-0.42-cp39-cp39-manylinux_2_5_i686.manylinux1_i686.manylinux_2_17_i686.manylinux2014_i686.whl", hash = "sha256:ac5e8188c77bf168e8170a44453f852e49a62a1cee9ddeeafd48b754c86c5fd9"},
    {file = "pycld2-0.42-cp39-cp39-musllinux_1_2_i686.whl", hash = "sha256:7e7aabfdafe3ee4124ca758dbb357b7c3535e6cc704407f89b76626c17f66d5d"},
    {file = "pycld2-0.42-cp39-cp39-musllinux_1_2_x86_64.whl", hash = "sha256:647359cddd351a29b39c65be4db6559e17574c20c7a25d44f48ed87c80639d62"},
    {file = "pycld2-0.42-cp39-cp39-win32.whl", hash = "sha256:8953576586d41291a1e755a628159a057f9dda1a3496c9bf098c638e7046de09"},
    {file = "pycld2-0.42-cp39-cp39-win_amd64.whl", hash = "sha256:e023d60a1ea00fe6a8efa520689f62e8a57cc5e3f0ca3eed012fee147dbac0eb"},
    {file = "pycld2-0.42.tar.gz", hash = "sha256:5188084c97f99e896cf464057c64f6b0f91f68d111182dceb5bcfe487d7f4c0f"},
]

[[package]]
name = "pyicu"
version = "2.16.2"
description = "Python extension wrapping the ICU C++ API"
optional = false
python-versions = "*"
groups = ["main"]
files = [
    {file = "pyicu-2.16.2.tar.gz", hash = "sha256:006d51e24b5ec76df6ec2130f3dde269c51db8b8cfebb7d45a427dde0d10aa52"},
]

[[package]]
name = "six"
version = "1.17.0"
description = "Python 2 and 3 compatibility utilities"
optional = false
python-versions = "!=3.0.*,!=3.1.*,!=3.2.*,>=2.7"
groups = ["main"]
files = [
    {file = "six-1.17.0-py2.py3-none-any.whl", hash = "sha256:4721f391ed90541fddacab5acf947aa0d3dc7d27b2e1e8eda2be8970586c3274"},
    {file = "six-1.17.0.tar.gz", hash = "sha256:ff70335d468e7eb6ec65b95b99d3a2836546063f63acc5171de367e834932a81"},
]

[[package]]
name = "wheel"
version = "0.48.0"
description = "Command line tool for manipulating wheel files"
optional = false
python-versions = ">=3.9"
groups = ["main"]
files = [
    {file = "wheel-0.48.0-py3-none-any.whl", hash = "sha256:3217dcc807155e45db462d7ef2431f5ddda0d7273b700d05a67b271ceb1287ab"},
    {file = "wheel-0.48.0.tar.gz", hash = "sha256:94800765601e9171bf5d58d066e640662842bcedcbab982b2c90787a2c987322"},
]

[package.dependencies]
packaging = ">=24.0"

[metadata]
lock-version = "2.1"
python-versions = ">=3.12,<3.13"
content-hash = "4dbcbbe8b021a91d9807574a22d9dcc2894dcccb1e1883399eff236eeec8182e"
